
Microsoft Visual Studio Solution File, Format Version 12.00
# Visual Studio Version 17
VisualStudioVersion = 17.4.33213.308
MinimumVisualStudioVersion = 10.0.40219.1
Project("{FAE04EC0-301F-11D3-BF4B-00C04F79EFBC}") = "Semaphore_WPF", "Semaphore_WPF\Semaphore_WPF.csproj", "{C7BDC3BB-83EC-42D1-B563-1B1ECDDC2F83}"
EndProject
Global
	GlobalSection(SolutionConfigurationPlatforms) = preSolution
		Debug|Any CPU = Debug|Any CPU
		Release|Any CPU = Release|Any CPU
	EndGlobalSection
	GlobalSection(ProjectConfigurationPlatforms) = postSolution
		{C7BDC3BB-83EC-42D1-B563-1B1ECDDC2F83}.Debug|Any CPU.ActiveCfg = Debug|Any CPU
		{C7BDC3BB-83EC-42D1-B563-1B1ECDDC2F83}.Debug|Any CPU.Build.0 = Debug|Any CPU
		{C7BDC3BB-83EC-42D1-B563-1B1ECDDC2F83}.Release|Any CPU.ActiveCfg = Release|Any CPU
		{C7BDC3BB-83EC-42D1-B563-1B1ECDDC2F83}.Release|Any CPU.Build.0 = Release|Any CPU
	EndGlobalSection
	GlobalSection(SolutionProperties) = preSolution
		HideSolutionNode = FALSE
	EndGlobalSection
	GlobalSection(ExtensibilityGlobals) = postSolution
		SolutionGuid = {9DE59AF1-F011-4D12-BA05-5E111BD1DF5F}
	EndGlobalSection
EndGlobal
